// !$*UTF8*$!
{
	archiveVersion = 1;
	classes = {
	};
	objectVersion = 46;
	objects = {

/* Begin PBXBuildFile section */
		6E4BE1821EB5BBA600498E56 /* Assets.xcassets in Resources */ = {isa = PBXBuildFile; fileRef = 6E4BE1811EB5BBA600498E56 /* Assets.xcassets */; };
		6E4BE1891EB5BBA600498E56 /* MessagesExtension.appex in Embed App Extensions */ = {isa = PBXBuildFile; fileRef = 6E4BE1881EB5BBA600498E56 /* MessagesExtension.appex */; settings = {ATTRIBUTES = (RemoveHeadersOnCopy, ); }; };
		6E4BE18E1EB5BBA600498E56 /* Messages.framework in Frameworks */ = {isa = PBXBuildFile; fileRef = 6E4BE18D1EB5BBA600498E56 /* Messages.framework */; };
		6E4BE1911EB5BBA600498E56 /* MessagesViewController.swift in Sources */ = {isa = PBXBuildFile; fileRef = 6E4BE1901EB5BBA600498E56 /* MessagesViewController.swift */; };
		6E4BE1941EB5BBA600498E56 /* MainInterface.storyboard in Resources */ = {isa = PBXBuildFile; fileRef = 6E4BE1921EB5BBA600498E56 /* MainInterface.storyboard */; };
		6E4BE1961EB5BBA600498E56 /* Assets.xcassets in Resources */ = {isa = PBXBuildFile; fileRef = 6E4BE1951EB5BBA600498E56 /* Assets.xcassets */; };
		6E558AED1EB6567200D860CE /* eMeter in Resources */ = {isa = PBXBuildFile; fileRef = 6E558AEC1EB6567200D860CE /* eMeter */; };
		6E558AEF1EB65BFB00D860CE /* emeter_360-1.png in Resources */ = {isa = PBXBuildFile; fileRef = 6E558AEE1EB65BFB00D860CE /* emeter_360-1.png */; };
/* End PBXBuildFile section */

/* Begin PBXContainerItemProxy section */
		6E4BE18A1EB5BBA600498E56 /* PBXContainerItemProxy */ = {
			isa = PBXContainerItemProxy;
			containerPortal = 6E4BE1781EB5BBA600498E56 /* Project object */;
			proxyType = 1;
			remoteGlobalIDString = 6E4BE1871EB5BBA600498E56;
			remoteInfo = MessagesExtension;
		};
/* End PBXContainerItemProxy section */

/* Begin PBXCopyFilesBuildPhase section */
		6E4BE19D1EB5BBA600498E56 /* Embed App Extensions */ = {
			isa = PBXCopyFilesBuildPhase;
			buildActionMask = 2147483647;
			dstPath = "";
			dstSubfolderSpec = 13;
			files = (
				6E4BE1891EB5BBA600498E56 /* MessagesExtension.appex in Embed App Extensions */,
			);
			name = "Embed App Extensions";
			runOnlyForDeploymentPostprocessing = 0;
		};
/* End PBXCopyFilesBuildPhase section */

/* Begin PBXFileReference section */
		6E4BE17E1EB5BBA600498E56 /* eMeter.app */ = {isa = PBXFileReference; explicitFileType = wrapper.application; includeInIndex = 0; path = eMeter.app; sourceTree = BUILT_PRODUCTS_DIR; };
		6E4BE1811EB5BBA600498E56 /* Assets.xcassets */ = {isa = PBXFileReference; lastKnownFileType = folder.assetcatalog; path = Assets.xcassets; sourceTree = "<group>"; };
		6E4BE1831EB5BBA600498E56 /* Info.plist */ = {isa = PBXFileReference; lastKnownFileType = text.plist.xml; path = Info.plist; sourceTree = "<group>"; };
		6E4BE1881EB5BBA600498E56 /* MessagesExtension.appex */ = {isa = PBXFileReference; explicitFileType = "wrapper.app-extension"; includeInIndex = 0; path = MessagesExtension.appex; sourceTree = BUILT_PRODUCTS_DIR; };
		6E4BE18D1EB5BBA600498E56 /* Messages.framework */ = {isa = PBXFileReference; lastKnownFileType = wrapper.framework; name = Messages.framework; path = System/Library/Frameworks/Messages.framework; sourceTree = SDKROOT; };
		6E4BE1901EB5BBA600498E56 /* MessagesViewController.swift */ = {isa = PBXFileReference; lastKnownFileType = sourcecode.swift; path = MessagesViewController.swift; sourceTree = "<group>"; };
		6E4BE1931EB5BBA600498E56 /* Base */ = {isa = PBXFileReference; lastKnownFileType = file.storyboard; name = Base; path = Base.lproj/MainInterface.storyboard; sourceTree = "<group>"; };
		6E4BE1951EB5BBA600498E56 /* Assets.xcassets */ = {isa = PBXFileReference; lastKnownFileType = folder.assetcatalog; path = Assets.xcassets; sourceTree = "<group>"; };
		6E4BE1971EB5BBA600498E56 /* Info.plist */ = {isa = PBXFileReference; lastKnownFileType = text.plist.xml; path = Info.plist; sourceTree = "<group>"; };
		6E558AEC1EB6567200D860CE /* eMeter */ = {isa = PBXFileReference; lastKnownFileType = folder; name = eMeter; path = ../../../Documents/eMeter; sourceTree = "<group>"; };
		6E558AEE1EB65BFB00D860CE /* emeter_360-1.png */ = {isa = PBXFileReference; lastKnownFileType = image.png; name = "emeter_360-1.png"; path = "../../../Desktop/emeter_360-1.png"; sourceTree = "<group>"; };
/* End PBXFileReference section */

/* Begin PBXFrameworksBuildPhase section */
		6E4BE1851EB5BBA600498E56 /* Frameworks */ = {
			isa = PBXFrameworksBuildPhase;
			buildActionMask = 2147483647;
			files = (
				6E4BE18E1EB5BBA600498E56 /* Messages.framework in Frameworks */,
			);
			runOnlyForDeploymentPostprocessing = 0;
		};
/* End PBXFrameworksBuildPhase section */

/* Begin PBXGroup section */
		6E4BE1771EB5BBA600498E56 = {
			isa = PBXGroup;
			children = (
				6E4BE1801EB5BBA600498E56 /* eMeter */,
				6E4BE18F1EB5BBA600498E56 /* MessagesExtension */,
				6E4BE18C1EB5BBA600498E56 /* Frameworks */,
				6E4BE17F1EB5BBA600498E56 /* Products */,
			);
			sourceTree = "<group>";
		};
		6E4BE17F1EB5BBA600498E56 /* Products */ = {
			isa = PBXGroup;
			children = (
				6E4BE17E1EB5BBA600498E56 /* eMeter.app */,
				6E4BE1881EB5BBA600498E56 /* MessagesExtension.appex */,
			);
			name = Products;
			sourceTree = "<group>";
		};
		6E4BE1801EB5BBA600498E56 /* eMeter */ = {
			isa = PBXGroup;
			children = (
				6E4BE1811EB5BBA600498E56 /* Assets.xcassets */,
				6E4BE1831EB5BBA600498E56 /* Info.plist */,
			);
			path = eMeter;
			sourceTree = "<group>";
		};
		6E4BE18C1EB5BBA600498E56 /* Frameworks */ = {
			isa = PBXGroup;
			children = (
				6E4BE18D1EB5BBA600498E56 /* Messages.framework */,
			);
			name = Frameworks;
			sourceTree = "<group>";
		};
		6E4BE18F1EB5BBA600498E56 /* MessagesExtension */ = {
			isa = PBXGroup;
			children = (
				6E4BE1901EB5BBA600498E56 /* MessagesViewController.swift */,
				6E558AEC1EB6567200D860CE /* eMeter */,
				6E4BE1921EB5BBA600498E56 /* MainInterface.storyboard */,
				6E4BE1951EB5BBA600498E56 /* Assets.xcassets */,
				6E4BE1971EB5BBA600498E56 /* Info.plist */,
				6E558AEE1EB65BFB00D860CE /* emeter_360-1.png */,
			);
			path = MessagesExtension;
			sourceTree = "<group>";
		};
/* End PBXGroup section */

/* Begin PBXNativeTarget section */
		6E4BE17D1EB5BBA600498E56 /* eMeter */ = {
			isa = PBXNativeTarget;
			buildConfigurationList = 6E4BE19E1EB5BBA600498E56 /* Build configuration list for PBXNativeTarget "eMeter" */;
			buildPhases = (
				6E4BE17C1EB5BBA600498E56 /* Resources */,
				6E4BE19D1EB5BBA600498E56 /* Embed App Extensions */,
			);
			buildRules = (
			);
			dependencies = (
				6E4BE18B1EB5BBA600498E56 /* PBXTargetDependency */,
			);
			name = eMeter;
			productName = eMeter;
			productReference = 6E4BE17E1EB5BBA600498E56 /* eMeter.app */;
			productType = "com.apple.product-type.application.messages";
		};
		6E4BE1871EB5BBA600498E56 /* MessagesExtension */ = {
			isa = PBXNativeTarget;
			buildConfigurationList = 6E4BE19A1EB5BBA600498E56 /* Build configuration list for PBXNativeTarget "MessagesExtension" */;
			buildPhases = (
				6E4BE1841EB5BBA600498E56 /* Sources */,
				6E4BE1851EB5BBA600498E56 /* Frameworks */,
				6E4BE1861EB5BBA600498E56 /* Resources */,
			);
			buildRules = (
			);
			dependencies = (
			);
			name = MessagesExtension;
			productName = MessagesExtension;
			productReference = 6E4BE1881EB5BBA600498E56 /* MessagesExtension.appex */;
			productType = "com.apple.product-type.app-extension.messages";
		};
/* End PBXNativeTarget section */

/* Begin PBXProject section */
		6E4BE1781EB5BBA600498E56 /* Project object */ = {
			isa = PBXProject;
			attributes = {
				LastSwiftUpdateCheck = 0820;
				LastUpgradeCheck = 0820;
				ORGANIZATIONNAME = "Wellington Vicioso";
				TargetAttributes = {
					6E4BE17D1EB5BBA600498E56 = {
						CreatedOnToolsVersion = 8.2.1;
						DevelopmentTeam = 5G2RSTTM75;
						ProvisioningStyle = Automatic;
					};
					6E4BE1871EB5BBA600498E56 = {
						CreatedOnToolsVersion = 8.2.1;
						DevelopmentTeam = 5G2RSTTM75;
						ProvisioningStyle = Automatic;
					};
				};
			};
			buildConfigurationList = 6E4BE17B1EB5BBA600498E56 /* Build configuration list for PBXProject "eMeter" */;
			compatibilityVersion = "Xcode 3.2";
			developmentRegion = English;
			hasScannedForEncodings = 0;
			knownRegions = (
				en,
				Base,
			);
			mainGroup = 6E4BE1771EB5BBA600498E56;
			productRefGroup = 6E4BE17F1EB5BBA600498E56 /* Products */;
			projectDirPath = "";
			projectRoot = "";
			targets = (
				6E4BE17D1EB5BBA600498E56 /* eMeter */,
				6E4BE1871EB5BBA600498E56 /* MessagesExtension */,
			);
		};
/* End PBXProject section */

/* Begin PBXResourcesBuildPhase section */
		6E4BE17C1EB5BBA600498E56 /* Resources */ = {
			isa = PBXResourcesBuildPhase;
			buildActionMask = 2147483647;
			files = (
				6E4BE1821EB5BBA600498E56 /* Assets.xcassets in Resources */,
			);
			runOnlyForDeploymentPostprocessing = 0;
		};
		6E4BE1861EB5BBA600498E56 /* Resources */ = {
			isa = PBXResourcesBuildPhase;
			buildActionMask = 2147483647;
			files = (
				6E558AED1EB6567200D860CE /* eMeter in Resources */,
				6E4BE1961EB5BBA600498E56 /* Assets.xcassets in Resources */,
				6E4BE1941EB5BBA600498E56 /* MainInterface.storyboard in Resources */,
				6E558AEF1EB65BFB00D860CE /* emeter_360-1.png in Resources */,
			);
			runOnlyForDeploymentPostprocessing = 0;
		};
/* End PBXResourcesBuildPhase section */

/* Begin PBXSourcesBuildPhase section */
		6E4BE1841EB5BBA600498E56 /* Sources */ = {
			isa = PBXSourcesBuildPhase;
			buildActionMask = 2147483647;
			files = (
				6E4BE1911EB5BBA600498E56 /* MessagesViewController.swift in Sources */,
			);
			runOnlyForDeploymentPostprocessing = 0;
		};
/* End PBXSourcesBuildPhase section */

/* Begin PBXTargetDependency section */
		6E4BE18B1EB5BBA600498E56 /* PBXTargetDependency */ = {
			isa = PBXTargetDependency;
			target = 6E4BE1871EB5BBA600498E56 /* MessagesExtension */;
			targetProxy = 6E4BE18A1EB5BBA600498E56 /* PBXContainerItemProxy */;
		};
/* End PBXTargetDependency section */

/* Begin PBXVariantGroup section */
		6E4BE1921EB5BBA600498E56 /* MainInterface.storyboard */ = {
			isa = PBXVariantGroup;
			children = (
				6E4BE1931EB5BBA600498E56 /* Base */,
			);
			name = MainInterface.storyboard;
			sourceTree = "<group>";
		};
/* End PBXVariantGroup section */

/* Begin XCBuildConfiguration section */
		6E4BE1981EB5BBA600498E56 /* Debug */ = {
			isa = XCBuildConfiguration;
			buildSettings = {
				ALWAYS_SEARCH_USER_PATHS = NO;
				CLANG_ANALYZER_NONNULL = YES;
				CLANG_CXX_LANGUAGE_STANDARD = "gnu++0x";
				CLANG_CXX_LIBRARY = "libc++";
				CLANG_ENABLE_MODULES = YES;
				CLANG_ENABLE_OBJC_ARC = YES;
				CLANG_WARN_BOOL_CONVERSION = YES;
				CLANG_WARN_CONSTANT_CONVERSION = YES;
				CLANG_WARN_DIRECT_OBJC_ISA_USAGE = YES_ERROR;
				CLANG_WARN_DOCUMENTATION_COMMENTS = YES;
				CLANG_WARN_EMPTY_BODY = YES;
				CLANG_WARN_ENUM_CONVERSION = YES;
				CLANG_WARN_INFINITE_RECURSION = YES;
				CLANG_WARN_INT_CONVERSION = YES;
				CLANG_WARN_OBJC_ROOT_CLASS = YES_ERROR;
				CLANG_WARN_SUSPICIOUS_MOVE = YES;
				CLANG_WARN_UNREACHABLE_CODE = YES;
				CLANG_WARN__DUPLICATE_METHOD_MATCH = YES;
				"CODE_SIGN_IDENTITY[sdk=iphoneos*]" = "iPhone Developer";
				COPY_PHASE_STRIP = NO;
				DEBUG_INFORMATION_FORMAT = dwarf;
				ENABLE_STRICT_OBJC_MSGSEND = YES;
				ENABLE_TESTABILITY = YES;
				GCC_C_LANGUAGE_STANDARD = gnu99;
				GCC_DYNAMIC_NO_PIC = NO;
				GCC_NO_COMMON_BLOCKS = YES;
				GCC_OPTIMIZATION_LEVEL = 0;
				GCC_PREPROCESSOR_DEFINITIONS = (
					"DEBUG=1",
					"$(inherited)",
				);
				GCC_WARN_64_TO_32_BIT_CONVERSION = YES;
				GCC_WARN_ABOUT_RETURN_TYPE = YES_ERROR;
				GCC_WARN_UNDECLARED_SELECTOR = YES;
				GCC_WARN_UNINITIALIZED_AUTOS = YES_AGGRESSIVE;
				GCC_WARN_UNUSED_FUNCTION = YES;
				GCC_WARN_UNUSED_VARIABLE = YES;
				IPHONEOS_DEPLOYMENT_TARGET = 10.2;
				MTL_ENABLE_DEBUG_INFO = YES;
				ONLY_ACTIVE_ARCH = YES;
				SDKROOT = iphoneos;
				SWIFT_ACTIVE_COMPILATION_CONDITIONS = DEBUG;
				SWIFT_OPTIMIZATION_LEVEL = "-Onone";
				TARGETED_DEVICE_FAMILY = "1,2";
			};
			name = Debug;
		};
		6E4BE1991EB5BBA600498E56 /* Release */ = {
			isa = XCBuildConfiguration;
			buildSettings = {
				ALWAYS_SEARCH_USER_PATHS = NO;
				CLANG_ANALYZER_NONNULL = YES;
				CLANG_CXX_LANGUAGE_STANDARD = "gnu++0x";
				CLANG_CXX_LIBRARY = "libc++";
				CLANG_ENABLE_MODULES = YES;
				CLANG_ENABLE_OBJC_ARC = YES;
				CLANG_WARN_BOOL_CONVERSION = YES;
				CLANG_WARN_CONSTANT_CONVERSION = YES;
				CLANG_WARN_DIRECT_OBJC_ISA_USAGE = YES_ERROR;
				CLANG_WARN_DOCUMENTATION_COMMENTS = YES;
				CLANG_WARN_EMPTY_BODY = YES;
				CLANG_WARN_ENUM_CONVERSION = YES;
				CLANG_WARN_INFINITE_RECURSION = YES;
				CLANG_WARN_INT_CONVERSION = YES;
				CLANG_WARN_OBJC_ROOT_CLASS = YES_ERROR;
				CLANG_WARN_SUSPICIOUS_MOVE = YES;
				CLANG_WARN_UNREACHABLE_CODE = YES;
				CLANG_WARN__DUPLICATE_METHOD_MATCH = YES;
				"CODE_SIGN_IDENTITY[sdk=iphoneos*]" = "iPhone Developer";
				COPY_PHASE_STRIP = NO;
				DEBUG_INFORMATION_FORMAT = "dwarf-with-dsym";
				ENABLE_NS_ASSERTIONS = NO;
				ENABLE_STRICT_OBJC_MSGSEND = YES;
				GCC_C_LANGUAGE_STANDARD = gnu99;
				GCC_NO_COMMON_BLOCKS = YES;
				GCC_WARN_64_TO_32_BIT_CONVERSION = YES;
				GCC_WARN_ABOUT_RETURN_TYPE = YES_ERROR;
				GCC_WARN_UNDECLARED_SELECTOR = YES;
				GCC_WARN_UNINITIALIZED_AUTOS = YES_AGGRESSIVE;
				GCC_WARN_UNUSED_FUNCTION = YES;
				GCC_WARN_UNUSED_VARIABLE = YES;
				IPHONEOS_DEPLOYMENT_TARGET = 10.2;
				MTL_ENABLE_DEBUG_INFO = NO;
				SDKROOT = iphoneos;
				SWIFT_OPTIMIZATION_LEVEL = "-Owholemodule";
				TARGETED_DEVICE_FAMILY = "1,2";
				VALIDATE_PRODUCT = YES;
			};
			name = Release;
		};
		6E4BE19B1EB5BBA600498E56 /* Debug */ = {
			isa = XCBuildConfiguration;
			buildSettings = {
				ASSETCATALOG_COMPILER_APPICON_NAME = "iMessage App Icon";
				DEVELOPMENT_TEAM = 5G2RSTTM75;
				INFOPLIST_FILE = MessagesExtension/Info.plist;
				LD_RUNPATH_SEARCH_PATHS = "$(inherited) @executable_path/Frameworks @executable_path/../../Frameworks";
				PRODUCT_BUNDLE_IDENTIFIER = cunyHack17.eMeter.MessagesExtension;
				PRODUCT_NAME = "$(TARGET_NAME)";
				SKIP_INSTALL = YES;
				SWIFT_VERSION = 3.0;
			};
			name = Debug;
		};
		6E4BE19C1EB5BBA600498E56 /* Release */ = {
			isa = XCBuildConfiguration;
			buildSettings = {
				ASSETCATALOG_COMPILER_APPICON_NAME = "iMessage App Icon";
				DEVELOPMENT_TEAM = 5G2RSTTM75;
				INFOPLIST_FILE = MessagesExtension/Info.plist;
				LD_RUNPATH_SEARCH_PATHS = "$(inherited) @executable_path/Frameworks @executable_path/../../Frameworks";
				PRODUCT_BUNDLE_IDENTIFIER = cunyHack17.eMeter.MessagesExtension;
				PRODUCT_NAME = "$(TARGET_NAME)";
				SKIP_INSTALL = YES;
				SWIFT_VERSION = 3.0;
			};
			name = Release;
		};
		6E4BE19F1EB5BBA600498E56 /* Debug */ = {
			isa = XCBuildConfiguration;
			buildSettings = {
				ALWAYS_EMBED_SWIFT_STANDARD_LIBRARIES = YES;
				ASSETCATALOG_COMPILER_APPICON_NAME = AppIcon;
				DEVELOPMENT_TEAM = 5G2RSTTM75;
				INFOPLIST_FILE = eMeter/Info.plist;
				PRODUCT_BUNDLE_IDENTIFIER = cunyHack17.eMeter;
				PRODUCT_NAME = "$(TARGET_NAME)";
				SWIFT_VERSION = 3.0;
			};
			name = Debug;
		};
		6E4BE1A01EB5BBA600498E56 /* Release */ = {
			isa = XCBuildConfiguration;
			buildSettings = {
				ALWAYS_EMBED_SWIFT_STANDARD_LIBRARIES = YES;
				ASSETCATALOG_COMPILER_APPICON_NAME = AppIcon;
				DEVELOPMENT_TEAM = 5G2RSTTM75;
				INFOPLIST_FILE = eMeter/Info.plist;
				PRODUCT_BUNDLE_IDENTIFIER = cunyHack17.eMeter;
				PRODUCT_NAME = "$(TARGET_NAME)";
				SWIFT_VERSION = 3.0;
			};
			name = Release;
		};
/* End XCBuildConfiguration section */

/* Begin XCConfigurationList section */
		6E4BE17B1EB5BBA600498E56 /* Build configuration list for PBXProject "eMeter" */ = {
			isa = XCConfigurationList;
			buildConfigurations = (
				6E4BE1981EB5BBA600498E56 /* Debug */,
				6E4BE1991EB5BBA600498E56 /* Release */,
			);
			defaultConfigurationIsVisible = 0;
			defaultConfigurationName = Release;
		};
		6E4BE19A1EB5BBA600498E56 /* Build configuration list for PBXNativeTarget "MessagesExtension" */ = {
			isa = XCConfigurationList;
			buildConfigurations = (
				6E4BE19B1EB5BBA600498E56 /* Debug */,
				6E4BE19C1EB5BBA600498E56 /* Release */,
			);
			defaultConfigurationIsVisible = 0;
			defaultConfigurationName = Release;
		};
		6E4BE19E1EB5BBA600498E56 /* Build configuration list for PBXNativeTarget "eMeter" */ = {
			isa = XCConfigurationList;
			buildConfigurations = (
				6E4BE19F1EB5BBA600498E56 /* Debug */,
				6E4BE1A01EB5BBA600498E56 /* Release */,
			);
			defaultConfigurationIsVisible = 0;
			defaultConfigurationName = Release;
		};
/* End XCConfigurationList section */
	};
	rootObject = 6E4BE1781EB5BBA600498E56 /* Project object */;
}
